
Microsoft Visual Studio Solution File, Format Version 12.00
# Visual Studio 15
VisualStudioVersion = 15.0.26127.0
MinimumVisualStudioVersion = 10.0.40219.1
Project("{A07B5EB6-E848-4116-A8D0-A826331D98C6}") = "ServiceFabricApplication1", "ServiceFabricApplication1\ServiceFabricApplication1.sfproj", "{7739830D-77F0-4937-88ED-CB27C67CFE52}"
EndProject
Project("{FAE04EC0-301F-11D3-BF4B-00C04F79EFBC}") = "Web1", "Web1\Web1.csproj", "{83164745-585D-4A98-B6FF-4C39722F3CA6}"
EndProject
Project("{FAE04EC0-301F-11D3-BF4B-00C04F79EFBC}") = "StatefulServiceWebAPI1", "StatefulServiceWebAPI1\StatefulServiceWebAPI1.csproj", "{1AE02005-4EC6-49E7-9740-319F6206AE59}"
EndProject
Global
	GlobalSection(SolutionConfigurationPlatforms) = preSolution
		Debug|Any CPU = Debug|Any CPU
		Debug|x64 = Debug|x64
		Debug|x86 = Debug|x86
		Release|Any CPU = Release|Any CPU
		Release|x64 = Release|x64
		Release|x86 = Release|x86
	EndGlobalSection
	GlobalSection(ProjectConfigurationPlatforms) = postSolution
		{7739830D-77F0-4937-88ED-CB27C67CFE52}.Debug|Any CPU.ActiveCfg = Debug|x64
		{7739830D-77F0-4937-88ED-CB27C67CFE52}.Debug|x64.ActiveCfg = Debug|x64
		{7739830D-77F0-4937-88ED-CB27C67CFE52}.Debug|x64.Build.0 = Debug|x64
		{7739830D-77F0-4937-88ED-CB27C67CFE52}.Debug|x64.Deploy.0 = Debug|x64
		{7739830D-77F0-4937-88ED-CB27C67CFE52}.Debug|x86.ActiveCfg = Debug|x64
		{7739830D-77F0-4937-88ED-CB27C67CFE52}.Release|Any CPU.ActiveCfg = Release|x64
		{7739830D-77F0-4937-88ED-CB27C67CFE52}.Release|x64.ActiveCfg = Release|x64
		{7739830D-77F0-4937-88ED-CB27C67CFE52}.Release|x64.Build.0 = Release|x64
		{7739830D-77F0-4937-88ED-CB27C67CFE52}.Release|x64.Deploy.0 = Release|x64
		{7739830D-77F0-4937-88ED-CB27C67CFE52}.Release|x86.ActiveCfg = Release|x64
		{83164745-585D-4A98-B6FF-4C39722F3CA6}.Debug|Any CPU.ActiveCfg = Debug|Any CPU
		{83164745-585D-4A98-B6FF-4C39722F3CA6}.Debug|Any CPU.Build.0 = Debug|Any CPU
		{83164745-585D-4A98-B6FF-4C39722F3CA6}.Debug|x64.ActiveCfg = Debug|x64
		{83164745-585D-4A98-B6FF-4C39722F3CA6}.Debug|x64.Build.0 = Debug|x64
		{83164745-585D-4A98-B6FF-4C39722F3CA6}.Debug|x86.ActiveCfg = Debug|x86
		{83164745-585D-4A98-B6FF-4C39722F3CA6}.Debug|x86.Build.0 = Debug|x86
		{83164745-585D-4A98-B6FF-4C39722F3CA6}.Release|Any CPU.ActiveCfg = Release|Any CPU
		{83164745-585D-4A98-B6FF-4C39722F3CA6}.Release|Any CPU.Build.0 = Release|Any CPU
		{83164745-585D-4A98-B6FF-4C39722F3CA6}.Release|x64.ActiveCfg = Release|x64
		{83164745-585D-4A98-B6FF-4C39722F3CA6}.Release|x64.Build.0 = Release|x64
		{83164745-585D-4A98-B6FF-4C39722F3CA6}.Release|x86.ActiveCfg = Release|x86
		{83164745-585D-4A98-B6FF-4C39722F3CA6}.Release|x86.Build.0 = Release|x86
		{1AE02005-4EC6-49E7-9740-319F6206AE59}.Debug|Any CPU.ActiveCfg = Debug|Any CPU
		{1AE02005-4EC6-49E7-9740-319F6206AE59}.Debug|Any CPU.Build.0 = Debug|Any CPU
		{1AE02005-4EC6-49E7-9740-319F6206AE59}.Debug|x64.ActiveCfg = Debug|x64
		{1AE02005-4EC6-49E7-9740-319F6206AE59}.Debug|x64.Build.0 = Debug|x64
		{1AE02005-4EC6-49E7-9740-319F6206AE59}.Debug|x86.ActiveCfg = Debug|x86
		{1AE02005-4EC6-49E7-9740-319F6206AE59}.Debug|x86.Build.0 = Debug|x86
		{1AE02005-4EC6-49E7-9740-319F6206AE59}.Release|Any CPU.ActiveCfg = Release|Any CPU
		{1AE02005-4EC6-49E7-9740-319F6206AE59}.Release|Any CPU.Build.0 = Release|Any CPU
		{1AE02005-4EC6-49E7-9740-319F6206AE59}.Release|x64.ActiveCfg = Release|x64
		{1AE02005-4EC6-49E7-9740-319F6206AE59}.Release|x64.Build.0 = Release|x64
		{1AE02005-4EC6-49E7-9740-319F6206AE59}.Release|x86.ActiveCfg = Release|x86
		{1AE02005-4EC6-49E7-9740-319F6206AE59}.Release|x86.Build.0 = Release|x86
	EndGlobalSection
	GlobalSection(SolutionProperties) = preSolution
		HideSolutionNode = FALSE
	EndGlobalSection
EndGlobal
